# THIS IS AN AUTOGENERATED FILE. DO NOT EDIT THIS FILE DIRECTLY.
# yarn lockfile v1


"@material/animation@9.0.0-canary.1c156d69d.0":
  version "9.0.0-canary.1c156d69d.0"
  resolved "https://registry.yarnpkg.com/@material/animation/-/animation-9.0.0-canary.1c156d69d.0.tgz#53acc1253d1286f6d4cfaf3a778229cbd19ab000"
  integrity sha512-m3eUpFRwxcP1tEWJlIH5q77YGSYEe5ITRw5OtyDvxU7ZzF0xKJbBeauQEdCmyig9UvK+J7jUUnCgkT/t/ldLtw==
  dependencies:
    tslib "^1.9.3"

"@material/base@9.0.0-canary.1c156d69d.0", "@material/base@=9.0.0-canary.1c156d69d.0":
  version "9.0.0-canary.1c156d69d.0"
  resolved "https://registry.yarnpkg.com/@material/base/-/base-9.0.0-canary.1c156d69d.0.tgz#84f365077dfae12a31a32bfc7f9ba673fe56b2db"
  integrity sha512-r98qY6EsPx6BlzT0Pj+H+BTI7r76GEX/zZPgajxZjbPAJSeeK+uCh69Dmhf63meLKaFkKgvLwH5udKJLMqqjpQ==
  dependencies:
    tslib "^1.9.3"

"@material/button@9.0.0-canary.1c156d69d.0":
  version "9.0.0-canary.1c156d69d.0"
  resolved "https://registry.yarnpkg.com/@material/button/-/button-9.0.0-canary.1c156d69d.0.tgz#b35540ed085006d65562ed56fe2b5540d6712712"
  integrity sha512-ZjBDrGy2kKPmlIYaL99/C1D0t+MCIkP3Pcj9Y1RxxYdayvP+o8evkBUz5IRtg5NpW4o1X89x8RfF/JmLJZrdYw==
  dependencies:
    "@material/density" "9.0.0-canary.1c156d69d.0"
    "@material/elevation" "9.0.0-canary.1c156d69d.0"
    "@material/feature-targeting" "9.0.0-canary.1c156d69d.0"
    "@material/ripple" "9.0.0-canary.1c156d69d.0"
    "@material/rtl" "9.0.0-canary.1c156d69d.0"
    "@material/shape" "9.0.0-canary.1c156d69d.0"
    "@material/theme" "9.0.0-canary.1c156d69d.0"
    "@material/touch-target" "9.0.0-canary.1c156d69d.0"
    "@material/typography" "9.0.0-canary.1c156d69d.0"

"@material/density@9.0.0-canary.1c156d69d.0":
  version "9.0.0-canary.1c156d69d.0"
  resolved "https://registry.yarnpkg.com/@material/density/-/density-9.0.0-canary.1c156d69d.0.tgz#ca2a2a5f4ea31520d717a41a6343c104acee3005"
  integrity sha512-Y87bUpTsXNDOi1q5NVRBxIyTUAFda1PP1Z9HOvgpV19n7/F6YLrttLGcOFSRFfx9btUKf4EddctBzwzBrF71TQ==

"@material/dialog@=9.0.0-canary.1c156d69d.0":
  version "9.0.0-canary.1c156d69d.0"
  resolved "https://registry.yarnpkg.com/@material/dialog/-/dialog-9.0.0-canary.1c156d69d.0.tgz#15a0c38d322679f3fcf372eabd21a9c70061f788"
  integrity sha512-JadtYwhCPrvZce/0j+kUuSq5+QaXAbZ1yx2FPT01K6/mzEgM0eDuU7ta7IlGGoJXFzmQI8jy7WsTSuW+IBNC8A==
  dependencies:
    "@material/animation" "9.0.0-canary.1c156d69d.0"
    "@material/base" "9.0.0-canary.1c156d69d.0"
    "@material/button" "9.0.0-canary.1c156d69d.0"
    "@material/dom" "9.0.0-canary.1c156d69d.0"
    "@material/elevation" "9.0.0-canary.1c156d69d.0"
    "@material/feature-targeting" "9.0.0-canary.1c156d69d.0"
    "@material/ripple" "9.0.0-canary.1c156d69d.0"
    "@material/rtl" "9.0.0-canary.1c156d69d.0"
    "@material/shape" "9.0.0-canary.1c156d69d.0"
    "@material/theme" "9.0.0-canary.1c156d69d.0"
    "@material/touch-target" "9.0.0-canary.1c156d69d.0"
    "@material/typography" "9.0.0-canary.1c156d69d.0"
    tslib "^1.9.3"

"@material/dom@9.0.0-canary.1c156d69d.0", "@material/dom@=9.0.0-canary.1c156d69d.0":
  version "9.0.0-canary.1c156d69d.0"
  resolved "https://registry.yarnpkg.com/@material/dom/-/dom-9.0.0-canary.1c156d69d.0.tgz#ffba86848f77cdce5ac2cfe494a97cb82af5c714"
  integrity sha512-AwiQDzquolB7rqy8k4+QMVQ8Njb6k0CT+otJ/UNJbj0qNVXZB4njVaWRWrWCt70hYp1rG0cRNkZ01ZJDqABUFw==
  dependencies:
    "@material/feature-targeting" "9.0.0-canary.1c156d69d.0"
    tslib "^1.9.3"

"@material/elevation@9.0.0-canary.1c156d69d.0":
  version "9.0.0-canary.1c156d69d.0"
  resolved "https://registry.yarnpkg.com/@material/elevation/-/elevation-9.0.0-canary.1c156d69d.0.tgz#0027434eef691dde7e16e672e1349ee1e9ed7a2b"
  integrity sha512-ojX0+nRNkfJssFA/EXhwglDwW48xll1OPCVy8jJrRfvIasRHiIJBeRdnlU5BL4qxDJHaEoOfEMmVQP/Aj504Qw==
  dependencies:
    "@material/animation" "9.0.0-canary.1c156d69d.0"
    "@material/base" "9.0.0-canary.1c156d69d.0"
    "@material/feature-targeting" "9.0.0-canary.1c156d69d.0"
    "@material/theme" "9.0.0-canary.1c156d69d.0"

"@material/feature-targeting@9.0.0-canary.1c156d69d.0":
  version "9.0.0-canary.1c156d69d.0"
  resolved "https://registry.yarnpkg.com/@material/feature-targeting/-/feature-targeting-9.0.0-canary.1c156d69d.0.tgz#feaf37af156811a088958e653e6c08e66f567d2a"
  integrity sha512-HWd0+GMnkVB3anmUc9+MeWCNoogAbb4U7ihzwq7lzLCQyC+i/kunppkUVV7DhL3ZVl1O6zIw1eAT+dgQpN8x4Q==

"@material/floating-label@9.0.0-canary.1c156d69d.0", "@material/floating-label@=9.0.0-canary.1c156d69d.0":
  version "9.0.0-canary.1c156d69d.0"
  resolved "https://registry.yarnpkg.com/@material/floating-label/-/floating-label-9.0.0-canary.1c156d69d.0.tgz#055fdd9729b030e45c4bc8089daf24c716c76126"
  integrity sha512-Brws2RwJsQkWo1Pa4WmW9Y3HFk/LAkSjrDnQl1BQCwRr1cYW2fVzFvFxvmN4XTO/k/wBuLhqGTBmyWyJJMpZ6w==
  dependencies:
    "@material/animation" "9.0.0-canary.1c156d69d.0"
    "@material/base" "9.0.0-canary.1c156d69d.0"
    "@material/dom" "9.0.0-canary.1c156d69d.0"
    "@material/feature-targeting" "9.0.0-canary.1c156d69d.0"
    "@material/rtl" "9.0.0-canary.1c156d69d.0"
    "@material/theme" "9.0.0-canary.1c156d69d.0"
    "@material/typography" "9.0.0-canary.1c156d69d.0"
    tslib "^1.9.3"

"@material/form-field@=9.0.0-canary.1c156d69d.0":
  version "9.0.0-canary.1c156d69d.0"
  resolved "https://registry.yarnpkg.com/@material/form-field/-/form-field-9.0.0-canary.1c156d69d.0.tgz#2f44c9704c8a4aef54376819573f835983686e89"
  integrity sha512-v1KWGRj4Qf9SESLswtlrdm/B6TmNkQsh5CZSM2xL2ZXe/k/KNgbLgM4ofHJApwW3QWYVBfA8nT/MlIvJJivd9w==
  dependencies:
    "@material/base" "9.0.0-canary.1c156d69d.0"
    "@material/feature-targeting" "9.0.0-canary.1c156d69d.0"
    "@material/ripple" "9.0.0-canary.1c156d69d.0"
    "@material/rtl" "9.0.0-canary.1c156d69d.0"
    "@material/theme" "9.0.0-canary.1c156d69d.0"
    "@material/typography" "9.0.0-canary.1c156d69d.0"
    tslib "^1.9.3"

"@material/line-ripple@9.0.0-canary.1c156d69d.0", "@material/line-ripple@=9.0.0-canary.1c156d69d.0":
  version "9.0.0-canary.1c156d69d.0"
  resolved "https://registry.yarnpkg.com/@material/line-ripple/-/line-ripple-9.0.0-canary.1c156d69d.0.tgz#a0b275edbd9a039a1143ec4d8789a29e903c90af"
  integrity sha512-TmfT5/qzyp/NQrT1shlg7yynhMYJVmkFv0r38aZ80O0fIKo4mEqtcSVQZGXr8acBRCdWgItrRikv5U7TB6uNTg==
  dependencies:
    "@material/animation" "9.0.0-canary.1c156d69d.0"
    "@material/base" "9.0.0-canary.1c156d69d.0"
    "@material/feature-targeting" "9.0.0-canary.1c156d69d.0"
    "@material/theme" "9.0.0-canary.1c156d69d.0"
    tslib "^1.9.3"

"@material/mwc-base@^0.20.0":
  version "0.20.0"
  resolved "https://registry.yarnpkg.com/@material/mwc-base/-/mwc-base-0.20.0.tgz#9753d357ea3fb9010985487a4d582bf273de1aaf"
  integrity sha512-q35jN1TGBts3LzKk2RVtgBpLDfBfRrx2hJ4GEVAeJsEGiO5CZrCD0bPlZSRTammzQBbDAh7szvhMiWo0TkRaWw==
  dependencies:
    "@material/base" "=9.0.0-canary.1c156d69d.0"
    "@material/dom" "=9.0.0-canary.1c156d69d.0"
    lit-element "^2.3.0"
    tslib "^2.0.1"

"@material/mwc-button@^0.20.0":
  version "0.20.0"
  resolved "https://registry.yarnpkg.com/@material/mwc-button/-/mwc-button-0.20.0.tgz#2942edb504f4cee4d8f55b667b8538f27084b772"
  integrity sha512-kqQpeuLfaqfH4PZbENT9rwx1sgeFPLHuKy5M31ZeKG1deRTxw11FDGeMxSkePfm1QFfY6DNTsIAG5qC56tUNlw==
  dependencies:
    "@material/mwc-icon" "^0.20.0"
    "@material/mwc-ripple" "^0.20.0"
    lit-element "^2.3.0"
    lit-html "^1.1.2"
    tslib "^2.0.1"

"@material/mwc-dialog@^0.20.0":
  version "0.20.0"
  resolved "https://registry.yarnpkg.com/@material/mwc-dialog/-/mwc-dialog-0.20.0.tgz#3169f71a049c61cfd53d16b761b8313645bdba01"
  integrity sha512-7VG8M0p2xaqs+gFDQLNQiVSKJNe+j8jemYX94wxRMZaMRryX09uPrOkn1CGUAuAy0fivxVLhlFG6KINbGR/Avg==
  dependencies:
    "@material/dialog" "=9.0.0-canary.1c156d69d.0"
    "@material/dom" "=9.0.0-canary.1c156d69d.0"
    "@material/mwc-base" "^0.20.0"
    "@material/mwc-button" "^0.20.0"
    blocking-elements "^0.1.0"
    lit-element "^2.3.0"
    lit-html "^1.1.2"
    tslib "^2.0.1"
    wicg-inert "^3.0.0"

"@material/mwc-floating-label@^0.20.0":
  version "0.20.0"
  resolved "https://registry.yarnpkg.com/@material/mwc-floating-label/-/mwc-floating-label-0.20.0.tgz#da7b77491c0e204ec6322a4bc311090b59ccdd3c"
  integrity sha512-WRl/oIkP6A5mqWu9ykWQZsIXxCGJ+JXr/Ooou8F8kJADWVGYf5DNFXKd6gXq+dxXfDbC6AZHPbp7/WH/vuQVrg==
  dependencies:
    "@material/floating-label" "=9.0.0-canary.1c156d69d.0"
    lit-html "^1.1.2"
    tslib "^2.0.1"

"@material/mwc-formfield@^0.20.0":
  version "0.20.0"
  resolved "https://registry.yarnpkg.com/@material/mwc-formfield/-/mwc-formfield-0.20.0.tgz#dd3e25778aad624a0d13f5b8a33c95bf1aa3883f"
  integrity sha512-Rrk2ah5gNHD4O/yYWdwHvH3kGddaZXbdiZPCTpYDlTHG63CMUsAENJy8Fu8ZCC23nxbWfBeejtbB/Da+0VZWig==
  dependencies:
    "@material/form-field" "=9.0.0-canary.1c156d69d.0"
    "@material/mwc-base" "^0.20.0"
    lit-element "^2.3.0"
    lit-html "^1.1.2"
    tslib "^2.0.1"

"@material/mwc-icon@^0.20.0":
  version "0.20.0"
  resolved "https://registry.yarnpkg.com/@material/mwc-icon/-/mwc-icon-0.20.0.tgz#c2c42bca9145d4a75f63b4ce1567270b41986b47"
  integrity sha512-YCtzWbJVSZGcvWKVHwIhwfGMLEqAmRSVGcXTCAH/rOzGU7RkOxQkfNDkLAuTRAX9a7HYQStIJ39ENVcysElljg==
  dependencies:
    lit-element "^2.3.0"
    tslib "^2.0.1"

"@material/mwc-line-ripple@^0.20.0":
  version "0.20.0"
  resolved "https://registry.yarnpkg.com/@material/mwc-line-ripple/-/mwc-line-ripple-0.20.0.tgz#29020954765f6ce0e50943482652038dd5ed7b89"
  integrity sha512-apA8dQ1wDbo+LOJa47dG/wMJS4iyG56bTTHMRDI4lLgd4czbEKllIgmkWBZeleqMjzzwXNfWKo/5354Ne+rbqQ==
  dependencies:
    "@material/line-ripple" "=9.0.0-canary.1c156d69d.0"
    lit-html "^1.1.2"
    tslib "^2.0.1"

"@material/mwc-notched-outline@^0.20.0":
  version "0.20.0"
  resolved "https://registry.yarnpkg.com/@material/mwc-notched-outline/-/mwc-notched-outline-0.20.0.tgz#853018c83b41ee45f8802f02f79b9af290b1d9a3"
  integrity sha512-7gU0wEYSFNA8Cms5VU1rEEJ75rwSR0EJmlW6YC1f/0kIA/d3U4V5okntIwCquH6U6oi6WNbmfHusoS6wQ6I37w==
  dependencies:
    "@material/mwc-base" "^0.20.0"
    "@material/notched-outline" "=9.0.0-canary.1c156d69d.0"
    lit-element "^2.3.0"
    lit-html "^1.1.2"
    tslib "^2.0.1"

"@material/mwc-radio@^0.20.0":
  version "0.20.0"
  resolved "https://registry.yarnpkg.com/@material/mwc-radio/-/mwc-radio-0.20.0.tgz#bf282fe5bd3f0f8e6c3eeb0b781eea6bc06f1743"
  integrity sha512-aVsok8EZJQFHn5VW9iP4gxO1wY5XeNnANdP82GhHZfIcxp1AQDORuUSy6Qoj2YBmCFCnG4BGAac1zs4OXRPRqA==
  dependencies:
    "@material/mwc-base" "^0.20.0"
    "@material/mwc-ripple" "^0.20.0"
    "@material/radio" "=9.0.0-canary.1c156d69d.0"
    lit-element "^2.3.0"
    tslib "^2.0.1"

"@material/mwc-ripple@^0.20.0":
  version "0.20.0"
  resolved "https://registry.yarnpkg.com/@material/mwc-ripple/-/mwc-ripple-0.20.0.tgz#ac83eda314b712c2fba293d2732f550dd1c6023b"
  integrity sha512-4rlIu+Kk//NsW/u3CnU1kz3dsvwEozax0Zf2CUp+ao0ozclHfQ2+sTZVY0Mr8+GJLn7Oz51gT5OHoarZuWWljA==
  dependencies:
    "@material/dom" "=9.0.0-canary.1c156d69d.0"
    "@material/mwc-base" "^0.20.0"
    "@material/ripple" "=9.0.0-canary.1c156d69d.0"
    lit-element "^2.3.0"
    lit-html "^1.1.2"
    tslib "^2.0.1"

"@material/mwc-tab-bar@^0.20.0":
  version "0.20.0"
  resolved "https://registry.yarnpkg.com/@material/mwc-tab-bar/-/mwc-tab-bar-0.20.0.tgz#02cecdc1bdf20feeb85085c8138d0f6d933411b2"
  integrity sha512-7iGFzVsS33m5uZXxeXMK1ag3u1drRbBcfkXbP8mp0rpIrhZNpCAOZkTpyXtZGx7WAijaCXPdKOo3MkHutqn6Rg==
  dependencies:
    "@material/mwc-base" "^0.20.0"
    "@material/mwc-tab" "^0.20.0"
    "@material/mwc-tab-scroller" "^0.20.0"
    "@material/tab" "=9.0.0-canary.1c156d69d.0"
    "@material/tab-bar" "=9.0.0-canary.1c156d69d.0"
    lit-element "^2.3.0"
    tslib "^2.0.1"

"@material/mwc-tab-indicator@^0.20.0":
  version "0.20.0"
  resolved "https://registry.yarnpkg.com/@material/mwc-tab-indicator/-/mwc-tab-indicator-0.20.0.tgz#a25e981517d46689aae5214798cbc083780569e3"
  integrity sha512-Y98B1MKeBX2zHwQ4yqpQKULvrm2GaLmw6yUqxiwUoE8CJQv/8wOTJHjtvYXgazYs/VZ2bOD1NoOhtntZwMpn/w==
  dependencies:
    "@material/mwc-base" "^0.20.0"
    "@material/tab-indicator" "=9.0.0-canary.1c156d69d.0"
    lit-element "^2.3.0"
    lit-html "^1.1.2"
    tslib "^2.0.1"

"@material/mwc-tab-scroller@^0.20.0":
  version "0.20.0"
  resolved "https://registry.yarnpkg.com/@material/mwc-tab-scroller/-/mwc-tab-scroller-0.20.0.tgz#5f4ed139a322eef1047a03c3f79aa5df78f7b04e"
  integrity sha512-Q6Gh+xdiTuXtOBJEUz6YBEHakDAdrsiqGJV1x90Oj5PtbSvkEU8dc/QiJBFsCesxK3vssWKLGqeo1GvQSJW0LQ==
  dependencies:
    "@material/dom" "=9.0.0-canary.1c156d69d.0"
    "@material/mwc-base" "^0.20.0"
    "@material/tab-scroller" "=9.0.0-canary.1c156d69d.0"
    lit-element "^2.3.0"
    tslib "^2.0.1"

"@material/mwc-tab@^0.20.0":
  version "0.20.0"
  resolved "https://registry.yarnpkg.com/@material/mwc-tab/-/mwc-tab-0.20.0.tgz#a3445601dab27880e568dc5706738a6517082838"
  integrity sha512-zGHnns1Gj91sucs9GLyN9kSqstWmaKpqeQCAcu98B7D6rI4dZKYgudrwnUUZiu1xqrsWhZy2rSbe8tu075ENVQ==
  dependencies:
    "@material/mwc-base" "^0.20.0"
    "@material/mwc-ripple" "^0.20.0"
    "@material/mwc-tab-indicator" "^0.20.0"
    "@material/tab" "=9.0.0-canary.1c156d69d.0"
    lit-element "^2.3.0"
    lit-html "^1.1.2"
    tslib "^2.0.1"

"@material/mwc-textfield@^0.20.0":
  version "0.20.0"
  resolved "https://registry.yarnpkg.com/@material/mwc-textfield/-/mwc-textfield-0.20.0.tgz#a6f1e90e5e4fd001cf74f7e4ddac4410b3730455"
  integrity sha512-VFy53M6En0REG+jY+E0dpi9PKSF25KwMIXt0OoCdHPLtWhZkCarpwbdkywbvV9GjyAllweVRhtdpLmZgivOV9g==
  dependencies:
    "@material/floating-label" "=9.0.0-canary.1c156d69d.0"
    "@material/line-ripple" "=9.0.0-canary.1c156d69d.0"
    "@material/mwc-base" "^0.20.0"
    "@material/mwc-floating-label" "^0.20.0"
    "@material/mwc-line-ripple" "^0.20.0"
    "@material/mwc-notched-outline" "^0.20.0"
    "@material/textfield" "=9.0.0-canary.1c156d69d.0"
    lit-element "^2.3.0"
    lit-html "^1.1.2"
    tslib "^2.0.1"

"@material/notched-outline@9.0.0-canary.1c156d69d.0", "@material/notched-outline@=9.0.0-canary.1c156d69d.0":
  version "9.0.0-canary.1c156d69d.0"
  resolved "https://registry.yarnpkg.com/@material/notched-outline/-/notched-outline-9.0.0-canary.1c156d69d.0.tgz#a3821fee8afa689167d9ab951206dc1c45c2d8b4"
  integrity sha512-lyIFYE6V/LFGhMAbmmPNQGby5pqbf4JwSiVu0jlEtBy9P+H6x/0iDO9OjaR+YUSHUo4ht9UfuDSfrCHJ/3og0w==
  dependencies:
    "@material/base" "9.0.0-canary.1c156d69d.0"
    "@material/feature-targeting" "9.0.0-canary.1c156d69d.0"
    "@material/floating-label" "9.0.0-canary.1c156d69d.0"
    "@material/rtl" "9.0.0-canary.1c156d69d.0"
    "@material/shape" "9.0.0-canary.1c156d69d.0"
    "@material/theme" "9.0.0-canary.1c156d69d.0"
    tslib "^1.9.3"

"@material/radio@=9.0.0-canary.1c156d69d.0":
  version "9.0.0-canary.1c156d69d.0"
  resolved "https://registry.yarnpkg.com/@material/radio/-/radio-9.0.0-canary.1c156d69d.0.tgz#f0db2c1da9106a7a3888ed382da31b16fe78d1fc"
  integrity sha512-i2pDFRhvk8bWp8BBJ0dyuGCqP17FlKSHzGqYQNI80dRPVYyLiexqIRfn0KGcW/sJtVC/P4GlyhE98g4mNYA/iQ==
  dependencies:
    "@material/animation" "9.0.0-canary.1c156d69d.0"
    "@material/base" "9.0.0-canary.1c156d69d.0"
    "@material/density" "9.0.0-canary.1c156d69d.0"
    "@material/dom" "9.0.0-canary.1c156d69d.0"
    "@material/feature-targeting" "9.0.0-canary.1c156d69d.0"
    "@material/ripple" "9.0.0-canary.1c156d69d.0"
    "@material/theme" "9.0.0-canary.1c156d69d.0"
    "@material/touch-target" "9.0.0-canary.1c156d69d.0"
    tslib "^1.9.3"

"@material/ripple@9.0.0-canary.1c156d69d.0", "@material/ripple@=9.0.0-canary.1c156d69d.0":
  version "9.0.0-canary.1c156d69d.0"
  resolved "https://registry.yarnpkg.com/@material/ripple/-/ripple-9.0.0-canary.1c156d69d.0.tgz#1cbfec1c94640140f6c1c0f43a3582a82dbc7671"
  integrity sha512-F1e/LQmYHQFORM/C3hchmANnRwJCXlc7Cp7W+VGpvJdtdzYlTd8DKKcShuOozxUQOjutbNf+Ql8gpZIdYRQaoQ==
  dependencies:
    "@material/animation" "9.0.0-canary.1c156d69d.0"
    "@material/base" "9.0.0-canary.1c156d69d.0"
    "@material/dom" "9.0.0-canary.1c156d69d.0"
    "@material/feature-targeting" "9.0.0-canary.1c156d69d.0"
    "@material/theme" "9.0.0-canary.1c156d69d.0"
    tslib "^1.9.3"

"@material/rtl@9.0.0-canary.1c156d69d.0":
  version "9.0.0-canary.1c156d69d.0"
  resolved "https://registry.yarnpkg.com/@material/rtl/-/rtl-9.0.0-canary.1c156d69d.0.tgz#0ff1f89f95ea4c67f030e56ce3ffdbfefcea225b"
  integrity sha512-ICx0trLFna0M1Ina/1Nat9aSiB64o7VMs8wyCcidX//n7qFDOb0AtU9h2IB+lvX/UmPZVsDAoaL8iVm6RAqygg==
  dependencies:
    "@material/theme" "9.0.0-canary.1c156d69d.0"

"@material/shape@9.0.0-canary.1c156d69d.0":
  version "9.0.0-canary.1c156d69d.0"
  resolved "https://registry.yarnpkg.com/@material/shape/-/shape-9.0.0-canary.1c156d69d.0.tgz#6d42d7004ed09b4493abf3f732bb855d3c3996ed"
  integrity sha512-3NPm+LNFfY4xsiwy/jo+kY3WIFDwlVyJhq+eimjZ9vpG7STBPyzi1LpiPKvsrk0rmvsy3M0c1alM8E+BQ5+UAg==
  dependencies:
    "@material/feature-targeting" "9.0.0-canary.1c156d69d.0"
    "@material/rtl" "9.0.0-canary.1c156d69d.0"
    "@material/theme" "9.0.0-canary.1c156d69d.0"

"@material/tab-bar@=9.0.0-canary.1c156d69d.0":
  version "9.0.0-canary.1c156d69d.0"
  resolved "https://registry.yarnpkg.com/@material/tab-bar/-/tab-bar-9.0.0-canary.1c156d69d.0.tgz#d3dc2ea7317410c4fb054b32d88dbbbdf9c34bb3"
  integrity sha512-wtpMK37gxkpbpdTpQh3IlHXx/maUyiYiwRjioIeh3GFQ42ZXW/N/9Ou2HK+qpiGVZDREYyT9TS2U5DiZTmM7tA==
  dependencies:
    "@material/animation" "9.0.0-canary.1c156d69d.0"
    "@material/base" "9.0.0-canary.1c156d69d.0"
    "@material/density" "9.0.0-canary.1c156d69d.0"
    "@material/feature-targeting" "9.0.0-canary.1c156d69d.0"
    "@material/tab" "9.0.0-canary.1c156d69d.0"
    "@material/tab-scroller" "9.0.0-canary.1c156d69d.0"
    tslib "^1.9.3"

"@material/tab-indicator@9.0.0-canary.1c156d69d.0", "@material/tab-indicator@=9.0.0-canary.1c156d69d.0":
  version "9.0.0-canary.1c156d69d.0"
  resolved "https://registry.yarnpkg.com/@material/tab-indicator/-/tab-indicator-9.0.0-canary.1c156d69d.0.tgz#428b53a25cf09de65e1f602f3784b6202844ad48"
  integrity sha512-PglSDSuQY6irrTNpEK/n/MDkZh6nH+iw0H31vt2A7QrG+BPwXrVJeRi6b8y2lvEnoQFp5WK8VavhFDNhcibEtw==
  dependencies:
    "@material/animation" "9.0.0-canary.1c156d69d.0"
    "@material/base" "9.0.0-canary.1c156d69d.0"
    "@material/feature-targeting" "9.0.0-canary.1c156d69d.0"
    "@material/theme" "9.0.0-canary.1c156d69d.0"
    tslib "^1.9.3"

"@material/tab-scroller@9.0.0-canary.1c156d69d.0", "@material/tab-scroller@=9.0.0-canary.1c156d69d.0":
  version "9.0.0-canary.1c156d69d.0"
  resolved "https://registry.yarnpkg.com/@material/tab-scroller/-/tab-scroller-9.0.0-canary.1c156d69d.0.tgz#f65267f3af811af3e7b1a7716a4b4a3cd64571ae"
  integrity sha512-27h/vQv3+qh3YXPSTw/nakkWxgzDXMv3+ZBw+/XAwxu1siRb6EFBzsfLkQGpjVLm2DCPH3Dz4Xq8DOUkAyvd1A==
  dependencies:
    "@material/animation" "9.0.0-canary.1c156d69d.0"
    "@material/base" "9.0.0-canary.1c156d69d.0"
    "@material/dom" "9.0.0-canary.1c156d69d.0"
    "@material/feature-targeting" "9.0.0-canary.1c156d69d.0"
    "@material/tab" "9.0.0-canary.1c156d69d.0"
    tslib "^1.9.3"

"@material/tab@9.0.0-canary.1c156d69d.0", "@material/tab@=9.0.0-canary.1c156d69d.0":
  version "9.0.0-canary.1c156d69d.0"
  resolved "https://registry.yarnpkg.com/@material/tab/-/tab-9.0.0-canary.1c156d69d.0.tgz#eef68160458a4d55b28e96f14b0077a6dd69e88d"
  integrity sha512-gS93t8Yl+djgWA8bFU80amzj2auGg/H3muVIJ1Mncak0CUtX3u6dYyvdKbeecRT9F1Wr4J3L8E0/aQatBOGa1w==
  dependencies:
    "@material/base" "9.0.0-canary.1c156d69d.0"
    "@material/feature-targeting" "9.0.0-canary.1c156d69d.0"
    "@material/ripple" "9.0.0-canary.1c156d69d.0"
    "@material/rtl" "9.0.0-canary.1c156d69d.0"
    "@material/tab-indicator" "9.0.0-canary.1c156d69d.0"
    "@material/theme" "9.0.0-canary.1c156d69d.0"
    "@material/typography" "9.0.0-canary.1c156d69d.0"
    tslib "^1.9.3"

"@material/textfield@=9.0.0-canary.1c156d69d.0":
  version "9.0.0-canary.1c156d69d.0"
  resolved "https://registry.yarnpkg.com/@material/textfield/-/textfield-9.0.0-canary.1c156d69d.0.tgz#2126dc03a0e830d4ff541b150d1bb26db61a074a"
  integrity sha512-pE6qL6j8d+hLLLRl6S2dwWWrvNdj69XUn5BTkImgGcQw9r74TU+b/JVz+WcRG6Ys2s2wdbZalntJbTa20zfzFw==
  dependencies:
    "@material/animation" "9.0.0-canary.1c156d69d.0"
    "@material/base" "9.0.0-canary.1c156d69d.0"
    "@material/density" "9.0.0-canary.1c156d69d.0"
    "@material/dom" "9.0.0-canary.1c156d69d.0"
    "@material/feature-targeting" "9.0.0-canary.1c156d69d.0"
    "@material/floating-label" "9.0.0-canary.1c156d69d.0"
    "@material/line-ripple" "9.0.0-canary.1c156d69d.0"
    "@material/notched-outline" "9.0.0-canary.1c156d69d.0"
    "@material/ripple" "9.0.0-canary.1c156d69d.0"
    "@material/rtl" "9.0.0-canary.1c156d69d.0"
    "@material/shape" "9.0.0-canary.1c156d69d.0"
    "@material/theme" "9.0.0-canary.1c156d69d.0"
    "@material/typography" "9.0.0-canary.1c156d69d.0"
    tslib "^1.9.3"

"@material/theme@9.0.0-canary.1c156d69d.0":
  version "9.0.0-canary.1c156d69d.0"
  resolved "https://registry.yarnpkg.com/@material/theme/-/theme-9.0.0-canary.1c156d69d.0.tgz#2d733dea8f762cc8e35969915dfb3b7359147d1e"
  integrity sha512-r1610TPwUplt4FHMk7cR06Oz1jU/G31wBIh4Frs/YIB0ZonVlI5cZdIkG0IFtNt9ZYWoDwfP/1nQBxdqrDPPhg==
  dependencies:
    "@material/feature-targeting" "9.0.0-canary.1c156d69d.0"

"@material/touch-target@9.0.0-canary.1c156d69d.0":
  version "9.0.0-canary.1c156d69d.0"
  resolved "https://registry.yarnpkg.com/@material/touch-target/-/touch-target-9.0.0-canary.1c156d69d.0.tgz#e2839c73f6df724804c376624af776f32be2c81a"
  integrity sha512-AFymS9cb152a2hEwTc80dVKA0ccNCyMAQNpvB6fEopPMLjO4Hrsu4fIHVyZF5xnz3k/iG59Y6vreHQdHKFGyUw==
  dependencies:
    "@material/base" "9.0.0-canary.1c156d69d.0"
    "@material/feature-targeting" "9.0.0-canary.1c156d69d.0"

"@material/typography@9.0.0-canary.1c156d69d.0":
  version "9.0.0-canary.1c156d69d.0"
  resolved "https://registry.yarnpkg.com/@material/typography/-/typography-9.0.0-canary.1c156d69d.0.tgz#340328147eaa86efacfad601b6dbdff7ac0388ac"
  integrity sha512-+JgMe2fIP+lVh4l5qXfjH9/JWd+LnfDEiVr2clWHgAc3pc2LQm6VVgUbNkrX3yeWql0x7I/inGfQovza8BeYAw==
  dependencies:
    "@material/feature-targeting" "9.0.0-canary.1c156d69d.0"
    "@material/theme" "9.0.0-canary.1c156d69d.0"

"@rollup/plugin-json@^4.1.0":
  version "4.1.0"
  resolved "https://registry.yarnpkg.com/@rollup/plugin-json/-/plugin-json-4.1.0.tgz#54e09867ae6963c593844d8bd7a9c718294496f3"
  integrity sha512-yfLbTdNS6amI/2OpmbiBoW12vngr5NW2jCJVZSBEz+H5KfUJZ2M7sDjk0U6GOOdCWFVScShte29o9NezJ53TPw==
  dependencies:
    "@rollup/pluginutils" "^3.0.8"

"@rollup/plugin-typescript@^8.2.0":
  version "8.2.0"
  resolved "https://registry.yarnpkg.com/@rollup/plugin-typescript/-/plugin-typescript-8.2.0.tgz#3e2059cbcae916785d8d7bf07816210c829f817c"
  integrity sha512-5DyVsb7L+ehLfNPu/nat8Gq3uJGzku4bMFPt90XahtgiSBf7z9YKPLqFUJKMT41W/mJ98SVGDPOhzikGrr/Lhg==
  dependencies:
    "@rollup/pluginutils" "^3.1.0"
    resolve "^1.17.0"

"@rollup/pluginutils@^3.0.8", "@rollup/pluginutils@^3.1.0":
  version "3.1.0"
  resolved "https://registry.yarnpkg.com/@rollup/pluginutils/-/pluginutils-3.1.0.tgz#706b4524ee6dc8b103b3c995533e5ad680c02b9b"
  integrity sha512-GksZ6pr6TpIjHm8h9lSQ8pi8BE9VeubNT0OMJ3B5uZJ8pz73NPiqOtCog/x2/QzM1ENChPKxMDhiQuRHsqc+lg==
  dependencies:
    "@types/estree" "0.0.39"
    estree-walker "^1.0.1"
    picomatch "^2.2.2"

"@types/estree@0.0.39":
  version "0.0.39"
  resolved "https://registry.yarnpkg.com/@types/estree/-/estree-0.0.39.tgz#e177e699ee1b8c22d23174caaa7422644389509f"
  integrity sha512-EYNwp3bU+98cpU4lAWYYL7Zz+2gryWH1qbdDTidVd6hkiR6weksdbMadyXKXNPEkQFhXM+hVO9ZygomHXp+AIw==

"@types/ms@^0.7.31":
  version "0.7.31"
  resolved "https://registry.yarnpkg.com/@types/ms/-/ms-0.7.31.tgz#31b7ca6407128a3d2bbc27fe2d21b345397f6197"
  integrity sha512-iiUgKzV9AuaEkZqkOLDIvlQiL6ltuZd9tGcW3gwpnX8JbuiuhFlEGmmFXEXkN50Cvq7Os88IY2v0dkDqXYWVgA==

blocking-elements@^0.1.0:
  version "0.1.1"
  resolved "https://registry.yarnpkg.com/blocking-elements/-/blocking-elements-0.1.1.tgz#6acddbe2714a029a1774e9219bcf38736e07ded3"
  integrity sha512-/SLWbEzMoVIMZACCyhD/4Ya2M1PWP1qMKuiymowPcI+PdWDARqeARBjhj73kbUBCxEmTZCUu5TAqxtwUO9C1Ig==

estree-walker@^1.0.1:
  version "1.0.1"
  resolved "https://registry.yarnpkg.com/estree-walker/-/estree-walker-1.0.1.tgz#31bc5d612c96b704106b477e6dd5d8aa138cb700"
  integrity sha512-1fMXF3YP4pZZVozF8j/ZLfvnR8NSIljt56UhbZ5PeeDmmGHpgpdwQt7ITlGvYaQukCvuBRMLEiKiYC+oeIg4cg==

fsevents@~2.3.1:
  version "2.3.2"
  resolved "https://registry.yarnpkg.com/fsevents/-/fsevents-2.3.2.tgz#8a526f78b8fdf4623b709e0b975c52c24c02fd1a"
  integrity sha512-xiqMQR4xAeHTuB9uWm+fFRcIOgKBMiOBP+eXiyT7jsgVCq1bkVygt00oASowB7EdtpOHaaPgKt812P9ab+DDKA==

function-bind@^1.1.1:
  version "1.1.1"
  resolved "https://registry.yarnpkg.com/function-bind/-/function-bind-1.1.1.tgz#a56899d3ea3c9bab874bb9773b7c5ede92f4895d"
  integrity sha512-yIovAzMX49sF8Yl58fSCWJ5svSLuaibPxXQJFLmBObTuCr0Mf1KiPopGM9NiFjiYBCbfaa2Fh6breQ6ANVTI0A==

has@^1.0.3:
  version "1.0.3"
  resolved "https://registry.yarnpkg.com/has/-/has-1.0.3.tgz#722d7cbfc1f6aa8241f16dd814e011e1f41e8796"
  integrity sha512-f2dvO0VU6Oej7RkWJGrehjbzMAjFp5/VKPp5tTpWIV4JHHZK1/BxbFRtf/siA2SWTe09caDmVtYYzWEIbBS4zw==
  dependencies:
    function-bind "^1.1.1"

is-core-module@^2.2.0:
  version "2.2.0"
  resolved "https://registry.yarnpkg.com/is-core-module/-/is-core-module-2.2.0.tgz#97037ef3d52224d85163f5597b2b63d9afed981a"
  integrity sha512-XRAfAdyyY5F5cOXn7hYQDqh2Xmii+DEfIcQGxK/uNwMHhIkPWO0g8msXcbzLe+MpGoR951MlqM/2iIlU4vKDdQ==
  dependencies:
    has "^1.0.3"

lit-element@^2.3.0, lit-element@^2.4.0:
  version "2.4.0"
  resolved "https://registry.yarnpkg.com/lit-element/-/lit-element-2.4.0.tgz#b22607a037a8fc08f5a80736dddf7f3f5d401452"
  integrity sha512-pBGLglxyhq/Prk2H91nA0KByq/hx/wssJBQFiYqXhGDvEnY31PRGYf1RglVzyLeRysu0IHm2K0P196uLLWmwFg==
  dependencies:
    lit-html "^1.1.1"

lit-html@^1.1.1, lit-html@^1.1.2:
  version "1.3.0"
  resolved "https://registry.yarnpkg.com/lit-html/-/lit-html-1.3.0.tgz#c80f3cc5793a6dea6c07172be90a70ab20e56034"
  integrity sha512-0Q1bwmaFH9O14vycPHw8C/IeHMk/uSDldVLIefu/kfbTBGIc44KGH6A8p1bDfxUfHdc8q6Ct7kQklWoHgr4t1Q==

ms@^2.1.3:
  version "2.1.3"
  resolved "https://registry.yarnpkg.com/ms/-/ms-2.1.3.tgz#574c8138ce1d2b5861f0b44579dbadd60c6615b2"
  integrity sha512-6FlzubTLZG3J2a/NVCAleEhjzq5oxgHyaCU9yYXvcLsvoVaHJq/s5xXI6/XXP6tz7R9xAOtHnSO/tXtF3WRTlA==

path-parse@^1.0.6:
  version "1.0.6"
  resolved "https://registry.yarnpkg.com/path-parse/-/path-parse-1.0.6.tgz#d62dbb5679405d72c4737ec58600e9ddcf06d24c"
  integrity sha512-GSmOT2EbHrINBf9SR7CDELwlJ8AENk3Qn7OikK4nFYAu3Ote2+JYNVvkpAEQm3/TLNEJFD/xZJjzyxg3KBWOzw==

picomatch@^2.2.2:
  version "2.2.2"
  resolved "https://registry.yarnpkg.com/picomatch/-/picomatch-2.2.2.tgz#21f333e9b6b8eaff02468f5146ea406d345f4dad"
  integrity sha512-q0M/9eZHzmr0AulXyPwNfZjtwZ/RBZlbN3K3CErVrk50T2ASYI7Bye0EvekFY3IP1Nt2DHu0re+V2ZHIpMkuWg==

resolve@^1.17.0:
  version "1.20.0"
  resolved "https://registry.yarnpkg.com/resolve/-/resolve-1.20.0.tgz#629a013fb3f70755d6f0b7935cc1c2c5378b1975"
  integrity sha512-wENBPt4ySzg4ybFQW2TT1zMQucPK95HSh/nq2CFTZVOGut2+pQvSsgtda4d26YrYcr067wjbmzOG8byDPBX63A==
  dependencies:
    is-core-module "^2.2.0"
    path-parse "^1.0.6"

rollup@^2.41.4:
  version "2.41.4"
  resolved "https://registry.yarnpkg.com/rollup/-/rollup-2.41.4.tgz#2a674d64db4322482d440699acb060dc6dd9e65f"
  integrity sha512-f9IHfMO8p2Y8OdisI7Oj3oKkPuaQ6cgSwYqAi0TDvP3w2p+oX1VejX/w28a1h8WTnrapzfO5d4Uqhww+gL0b0g==
  optionalDependencies:
    fsevents "~2.3.1"

tslib@^1.9.3:
  version "1.14.1"
  resolved "https://registry.yarnpkg.com/tslib/-/tslib-1.14.1.tgz#cf2d38bdc34a134bcaf1091c41f6619e2f672d00"
  integrity sha512-Xni35NKzjgMrwevysHTCArtLDpPvye8zV/0E4EyYn43P7/7qvQwPh9BGkHewbMulVntbigmcT7rdX3BNo9wRJg==

tslib@^2.0.1:
  version "2.1.0"
  resolved "https://registry.yarnpkg.com/tslib/-/tslib-2.1.0.tgz#da60860f1c2ecaa5703ab7d39bc05b6bf988b97a"
  integrity sha512-hcVC3wYEziELGGmEEXue7D75zbwIIVUMWAVbHItGPx0ziyXxrOMQx4rQEVEV45Ut/1IotuEvwqPopzIOkDMf0A==

typescript@^4.2.3:
  version "4.2.3"
  resolved "https://registry.yarnpkg.com/typescript/-/typescript-4.2.3.tgz#39062d8019912d43726298f09493d598048c1ce3"
  integrity sha512-qOcYwxaByStAWrBf4x0fibwZvMRG+r4cQoTjbPtUlrWjBHbmCAww1i448U0GJ+3cNNEtebDteo/cHOR3xJ4wEw==

wicg-inert@^3.0.0:
  version "3.1.1"
  resolved "https://registry.yarnpkg.com/wicg-inert/-/wicg-inert-3.1.1.tgz#b033fd4fbfb9e3fd709e5d84becbdf2e06e5c229"
  integrity sha512-PhBaNh8ur9Xm4Ggy4umelwNIP6pPP1bv3EaWaKqfb/QNme2rdLjm7wIInvV4WhxVHhzA4Spgw9qNSqWtB/ca2A==
